
Microsoft Visual Studio Solution File, Format Version 12.00
# Visual Studio Version 17
VisualStudioVersion = 17.14.36310.24 d17.14
MinimumVisualStudioVersion = 10.0.40219.1
Project("{FAE04EC0-301F-11D3-BF4B-00C04F79EFBC}") = "EmployProject.Models", "EmployProject.Models\EmployProject.Models.csproj", "{0D5BBBCF-A52F-4C9C-AF2F-84C4ED0EE6B8}"
EndProject
Global
	GlobalSection(SolutionConfigurationPlatforms) = preSolution
		Debug|Any CPU = Debug|Any CPU
		Release|Any CPU = Release|Any CPU
	EndGlobalSection
	GlobalSection(ProjectConfigurationPlatforms) = postSolution
		{0D5BBBCF-A52F-4C9C-AF2F-84C4ED0EE6B8}.Debug|Any CPU.ActiveCfg = Debug|Any CPU
		{0D5BBBCF-A52F-4C9C-AF2F-84C4ED0EE6B8}.Debug|Any CPU.Build.0 = Debug|Any CPU
		{0D5BBBCF-A52F-4C9C-AF2F-84C4ED0EE6B8}.Release|Any CPU.ActiveCfg = Release|Any CPU
		{0D5BBBCF-A52F-4C9C-AF2F-84C4ED0EE6B8}.Release|Any CPU.Build.0 = Release|Any CPU
	EndGlobalSection
	GlobalSection(SolutionProperties) = preSolution
		HideSolutionNode = FALSE
	EndGlobalSection
	GlobalSection(ExtensibilityGlobals) = postSolution
		SolutionGuid = {417C8FA8-AAC4-4C53-A3AC-92E2F7C1E0FF}
	EndGlobalSection
EndGlobal
