
Microsoft Visual Studio Solution File, Format Version 12.00
# Visual Studio Version 17
VisualStudioVersion = 17.14.36310.24 d17.14
MinimumVisualStudioVersion = 10.0.40219.1
Project("{FAE04EC0-301F-11D3-BF4B-00C04F79EFBC}") = "AbstractDay4", "AbstractDay4\AbstractDay4.csproj", "{3858728D-906A-4039-8332-80130A2CFB25}"
EndProject
Global
	GlobalSection(SolutionConfigurationPlatforms) = preSolution
		Debug|Any CPU = Debug|Any CPU
		Release|Any CPU = Release|Any CPU
	EndGlobalSection
	GlobalSection(ProjectConfigurationPlatforms) = postSolution
		{3858728D-906A-4039-8332-80130A2CFB25}.Debug|Any CPU.ActiveCfg = Debug|Any CPU
		{3858728D-906A-4039-8332-80130A2CFB25}.Debug|Any CPU.Build.0 = Debug|Any CPU
		{3858728D-906A-4039-8332-80130A2CFB25}.Release|Any CPU.ActiveCfg = Release|Any CPU
		{3858728D-906A-4039-8332-80130A2CFB25}.Release|Any CPU.Build.0 = Release|Any CPU
	EndGlobalSection
	GlobalSection(SolutionProperties) = preSolution
		HideSolutionNode = FALSE
	EndGlobalSection
	GlobalSection(ExtensibilityGlobals) = postSolution
		SolutionGuid = {07F18D49-7B5B-46B2-A573-058454750151}
	EndGlobalSection
EndGlobal
