
Microsoft Visual Studio Solution File, Format Version 12.00
# Visual Studio Version 17
VisualStudioVersion = 17.14.36310.24 d17.14
MinimumVisualStudioVersion = 10.0.40219.1
Project("{FAE04EC0-301F-11D3-BF4B-00C04F79EFBC}") = "CoreDemo", "CoreDemo\CoreDemo.csproj", "{693206C3-565E-4433-B513-91D84A02F018}"
EndProject
Global
	GlobalSection(SolutionConfigurationPlatforms) = preSolution
		Debug|Any CPU = Debug|Any CPU
		Release|Any CPU = Release|Any CPU
	EndGlobalSection
	GlobalSection(ProjectConfigurationPlatforms) = postSolution
		{693206C3-565E-4433-B513-91D84A02F018}.Debug|Any CPU.ActiveCfg = Debug|Any CPU
		{693206C3-565E-4433-B513-91D84A02F018}.Debug|Any CPU.Build.0 = Debug|Any CPU
		{693206C3-565E-4433-B513-91D84A02F018}.Release|Any CPU.ActiveCfg = Release|Any CPU
		{693206C3-565E-4433-B513-91D84A02F018}.Release|Any CPU.Build.0 = Release|Any CPU
	EndGlobalSection
	GlobalSection(SolutionProperties) = preSolution
		HideSolutionNode = FALSE
	EndGlobalSection
	GlobalSection(ExtensibilityGlobals) = postSolution
		SolutionGuid = {224D7267-2D3A-4E4F-BC77-F6432A401320}
	EndGlobalSection
EndGlobal
